
Microsoft Visual Studio Solution File, Format Version 12.00
# Visual Studio Version 16
VisualStudioVersion = 16.0.29613.14
MinimumVisualStudioVersion = 10.0.40219.1
Project("{FAE04EC0-301F-11D3-BF4B-00C04F79EFBC}") = "VmcReverse", "VmcReverse.csproj", "{D32B10D7-9CB9-4B43-8148-646BE01D98CC}"
EndProject
Project("{9A19103F-16F7-4668-BE54-9A1E7A4F7556}") = "VmcReverse.UnitTests", "..\VmcReverse.UnitTests\VmcReverse.UnitTests.csproj", "{DE2A22D6-BDBF-49C7-BAA1-F9E6C77DD6BA}"
EndProject
Global
	GlobalSection(SolutionConfigurationPlatforms) = preSolution
		Debug|Any CPU = Debug|Any CPU
		Release|Any CPU = Release|Any CPU
	EndGlobalSection
	GlobalSection(ProjectConfigurationPlatforms) = postSolution
		{D32B10D7-9CB9-4B43-8148-646BE01D98CC}.Debug|Any CPU.ActiveCfg = Debug|Any CPU
		{D32B10D7-9CB9-4B43-8148-646BE01D98CC}.Debug|Any CPU.Build.0 = Debug|Any CPU
		{D32B10D7-9CB9-4B43-8148-646BE01D98CC}.Release|Any CPU.ActiveCfg = Release|Any CPU
		{D32B10D7-9CB9-4B43-8148-646BE01D98CC}.Release|Any CPU.Build.0 = Release|Any CPU
		{DE2A22D6-BDBF-49C7-BAA1-F9E6C77DD6BA}.Debug|Any CPU.ActiveCfg = Debug|Any CPU
		{DE2A22D6-BDBF-49C7-BAA1-F9E6C77DD6BA}.Debug|Any CPU.Build.0 = Debug|Any CPU
		{DE2A22D6-BDBF-49C7-BAA1-F9E6C77DD6BA}.Release|Any CPU.ActiveCfg = Release|Any CPU
		{DE2A22D6-BDBF-49C7-BAA1-F9E6C77DD6BA}.Release|Any CPU.Build.0 = Release|Any CPU
	EndGlobalSection
	GlobalSection(SolutionProperties) = preSolution
		HideSolutionNode = FALSE
	EndGlobalSection
	GlobalSection(ExtensibilityGlobals) = postSolution
		SolutionGuid = {EF6D6B78-9009-4DC9-8BF4-D59973FB4679}
	EndGlobalSection
EndGlobal
